{
  "name": "geodefn",
  "version": "1.0.0",
  "lockfileVersion": 2,
  "requires": true,
  "packages": {
    "": {
      "name": "geodefn",
      "version": "1.0.0",
      "license": "ISC",
      "dependencies": {
        "gdal-js": "^2.0.0",
        "proj4": "^2.7.5",
        "typescript": "^4.5.4"
      }
    },
    "node_modules/gdal-js": {
      "version": "2.0.0",
      "resolved": "https://registry.npmmirror.com/gdal-js/download/gdal-js-2.0.0.tgz",
      "integrity": "sha1-izD8DKWTLp6xhflnjSrZCRsp13s="
    },
    "node_modules/mgrs": {
      "version": "1.0.0",
      "resolved": "https://registry.nlark.com/mgrs/download/mgrs-1.0.0.tgz",
      "integrity": "sha1-+5FYjnjJACVnI5XLQLJffNatGCk="
    },
    "node_modules/proj4": {
      "version": "2.7.5",
      "resolved": "https://registry.npmmirror.com/proj4/download/proj4-2.7.5.tgz",
      "integrity": "sha1-RsPvhBqd9XRw15HyIRYKnWiVGUU=",
      "dependencies": {
        "mgrs": "1.0.0",
        "wkt-parser": "^1.3.1"
      }
    },
    "node_modules/typescript": {
      "version": "4.5.4",
      "resolved": "https://registry.npmmirror.com/typescript/download/typescript-4.5.4.tgz",
      "integrity": "sha512-VgYs2A2QIRuGphtzFV7aQJduJ2gyfTljngLzjpfW9FoYZF6xuw1W0vW9ghCKLfcWrCFxK81CSGRAvS1pn4fIUg==",
      "bin": {
        "tsc": "bin/tsc",
        "tsserver": "bin/tsserver"
      },
      "engines": {
        "node": ">=4.2.0"
      }
    },
    "node_modules/wkt-parser": {
      "version": "1.3.1",
      "resolved": "https://registry.nlark.com/wkt-parser/download/wkt-parser-1.3.1.tgz",
      "integrity": "sha1-pWlnjrKPgvZzn3NjGb4HPjK/gZE="
    }
  },
  "dependencies": {
    "gdal-js": {
      "version": "2.0.0",
      "resolved": "https://registry.npmmirror.com/gdal-js/download/gdal-js-2.0.0.tgz",
      "integrity": "sha1-izD8DKWTLp6xhflnjSrZCRsp13s="
    },
    "mgrs": {
      "version": "1.0.0",
      "resolved": "https://registry.nlark.com/mgrs/download/mgrs-1.0.0.tgz",
      "integrity": "sha1-+5FYjnjJACVnI5XLQLJffNatGCk="
    },
    "proj4": {
      "version": "2.7.5",
      "resolved": "https://registry.npmmirror.com/proj4/download/proj4-2.7.5.tgz",
      "integrity": "sha1-RsPvhBqd9XRw15HyIRYKnWiVGUU=",
      "requires": {
        "mgrs": "1.0.0",
        "wkt-parser": "^1.3.1"
      }
    },
    "typescript": {
      "version": "4.5.4",
      "resolved": "https://registry.npmmirror.com/typescript/download/typescript-4.5.4.tgz",
      "integrity": "sha512-VgYs2A2QIRuGphtzFV7aQJduJ2gyfTljngLzjpfW9FoYZF6xuw1W0vW9ghCKLfcWrCFxK81CSGRAvS1pn4fIUg=="
    },
    "wkt-parser": {
      "version": "1.3.1",
      "resolved": "https://registry.nlark.com/wkt-parser/download/wkt-parser-1.3.1.tgz",
      "integrity": "sha1-pWlnjrKPgvZzn3NjGb4HPjK/gZE="
    }
  }
}
